
Microsoft Visual Studio Solution File, Format Version 12.00
# Visual Studio 15
VisualStudioVersion = 15.0.26124.0
MinimumVisualStudioVersion = 15.0.26124.0
Project("{FAE04EC0-301F-11D3-BF4B-00C04F79EFBC}") = "Domain", "Domain\Domain.csproj", "{1668CD6E-1233-43F0-A423-4B84B2672839}"
EndProject
Project("{FAE04EC0-301F-11D3-BF4B-00C04F79EFBC}") = "API", "API\API.csproj", "{6735A1E9-7471-4A9C-803C-1E7A78D38134}"
EndProject
Project("{FAE04EC0-301F-11D3-BF4B-00C04F79EFBC}") = "Persistence", "Persistence\Persistence.csproj", "{637C70CE-B9AB-4EB9-A002-D676EA7734AD}"
EndProject
Project("{FAE04EC0-301F-11D3-BF4B-00C04F79EFBC}") = "Application", "Application\Application.csproj", "{29F461EC-BF2E-414D-8869-CACCE39ECD1D}"
EndProject
Global
	GlobalSection(SolutionConfigurationPlatforms) = preSolution
		Debug|Any CPU = Debug|Any CPU
		Debug|x64 = Debug|x64
		Debug|x86 = Debug|x86
		Release|Any CPU = Release|Any CPU
		Release|x64 = Release|x64
		Release|x86 = Release|x86
	EndGlobalSection
	GlobalSection(SolutionProperties) = preSolution
		HideSolutionNode = FALSE
	EndGlobalSection
	GlobalSection(ProjectConfigurationPlatforms) = postSolution
		{1668CD6E-1233-43F0-A423-4B84B2672839}.Debug|Any CPU.ActiveCfg = Debug|Any CPU
		{1668CD6E-1233-43F0-A423-4B84B2672839}.Debug|Any CPU.Build.0 = Debug|Any CPU
		{1668CD6E-1233-43F0-A423-4B84B2672839}.Debug|x64.ActiveCfg = Debug|Any CPU
		{1668CD6E-1233-43F0-A423-4B84B2672839}.Debug|x64.Build.0 = Debug|Any CPU
		{1668CD6E-1233-43F0-A423-4B84B2672839}.Debug|x86.ActiveCfg = Debug|Any CPU
		{1668CD6E-1233-43F0-A423-4B84B2672839}.Debug|x86.Build.0 = Debug|Any CPU
		{1668CD6E-1233-43F0-A423-4B84B2672839}.Release|Any CPU.ActiveCfg = Release|Any CPU
		{1668CD6E-1233-43F0-A423-4B84B2672839}.Release|Any CPU.Build.0 = Release|Any CPU
		{1668CD6E-1233-43F0-A423-4B84B2672839}.Release|x64.ActiveCfg = Release|Any CPU
		{1668CD6E-1233-43F0-A423-4B84B2672839}.Release|x64.Build.0 = Release|Any CPU
		{1668CD6E-1233-43F0-A423-4B84B2672839}.Release|x86.ActiveCfg = Release|Any CPU
		{1668CD6E-1233-43F0-A423-4B84B2672839}.Release|x86.Build.0 = Release|Any CPU
		{6735A1E9-7471-4A9C-803C-1E7A78D38134}.Debug|Any CPU.ActiveCfg = Debug|Any CPU
		{6735A1E9-7471-4A9C-803C-1E7A78D38134}.Debug|Any CPU.Build.0 = Debug|Any CPU
		{6735A1E9-7471-4A9C-803C-1E7A78D38134}.Debug|x64.ActiveCfg = Debug|Any CPU
		{6735A1E9-7471-4A9C-803C-1E7A78D38134}.Debug|x64.Build.0 = Debug|Any CPU
		{6735A1E9-7471-4A9C-803C-1E7A78D38134}.Debug|x86.ActiveCfg = Debug|Any CPU
		{6735A1E9-7471-4A9C-803C-1E7A78D38134}.Debug|x86.Build.0 = Debug|Any CPU
		{6735A1E9-7471-4A9C-803C-1E7A78D38134}.Release|Any CPU.ActiveCfg = Release|Any CPU
		{6735A1E9-7471-4A9C-803C-1E7A78D38134}.Release|Any CPU.Build.0 = Release|Any CPU
		{6735A1E9-7471-4A9C-803C-1E7A78D38134}.Release|x64.ActiveCfg = Release|Any CPU
		{6735A1E9-7471-4A9C-803C-1E7A78D38134}.Release|x64.Build.0 = Release|Any CPU
		{6735A1E9-7471-4A9C-803C-1E7A78D38134}.Release|x86.ActiveCfg = Release|Any CPU
		{6735A1E9-7471-4A9C-803C-1E7A78D38134}.Release|x86.Build.0 = Release|Any CPU
		{637C70CE-B9AB-4EB9-A002-D676EA7734AD}.Debug|Any CPU.ActiveCfg = Debug|Any CPU
		{637C70CE-B9AB-4EB9-A002-D676EA7734AD}.Debug|Any CPU.Build.0 = Debug|Any CPU
		{637C70CE-B9AB-4EB9-A002-D676EA7734AD}.Debug|x64.ActiveCfg = Debug|Any CPU
		{637C70CE-B9AB-4EB9-A002-D676EA7734AD}.Debug|x64.Build.0 = Debug|Any CPU
		{637C70CE-B9AB-4EB9-A002-D676EA7734AD}.Debug|x86.ActiveCfg = Debug|Any CPU
		{637C70CE-B9AB-4EB9-A002-D676EA7734AD}.Debug|x86.Build.0 = Debug|Any CPU
		{637C70CE-B9AB-4EB9-A002-D676EA7734AD}.Release|Any CPU.ActiveCfg = Release|Any CPU
		{637C70CE-B9AB-4EB9-A002-D676EA7734AD}.Release|Any CPU.Build.0 = Release|Any CPU
		{637C70CE-B9AB-4EB9-A002-D676EA7734AD}.Release|x64.ActiveCfg = Release|Any CPU
		{637C70CE-B9AB-4EB9-A002-D676EA7734AD}.Release|x64.Build.0 = Release|Any CPU
		{637C70CE-B9AB-4EB9-A002-D676EA7734AD}.Release|x86.ActiveCfg = Release|Any CPU
		{637C70CE-B9AB-4EB9-A002-D676EA7734AD}.Release|x86.Build.0 = Release|Any CPU
		{29F461EC-BF2E-414D-8869-CACCE39ECD1D}.Debug|Any CPU.ActiveCfg = Debug|Any CPU
		{29F461EC-BF2E-414D-8869-CACCE39ECD1D}.Debug|Any CPU.Build.0 = Debug|Any CPU
		{29F461EC-BF2E-414D-8869-CACCE39ECD1D}.Debug|x64.ActiveCfg = Debug|Any CPU
		{29F461EC-BF2E-414D-8869-CACCE39ECD1D}.Debug|x64.Build.0 = Debug|Any CPU
		{29F461EC-BF2E-414D-8869-CACCE39ECD1D}.Debug|x86.ActiveCfg = Debug|Any CPU
		{29F461EC-BF2E-414D-8869-CACCE39ECD1D}.Debug|x86.Build.0 = Debug|Any CPU
		{29F461EC-BF2E-414D-8869-CACCE39ECD1D}.Release|Any CPU.ActiveCfg = Release|Any CPU
		{29F461EC-BF2E-414D-8869-CACCE39ECD1D}.Release|Any CPU.Build.0 = Release|Any CPU
		{29F461EC-BF2E-414D-8869-CACCE39ECD1D}.Release|x64.ActiveCfg = Release|Any CPU
		{29F461EC-BF2E-414D-8869-CACCE39ECD1D}.Release|x64.Build.0 = Release|Any CPU
		{29F461EC-BF2E-414D-8869-CACCE39ECD1D}.Release|x86.ActiveCfg = Release|Any CPU
		{29F461EC-BF2E-414D-8869-CACCE39ECD1D}.Release|x86.Build.0 = Release|Any CPU
	EndGlobalSection
EndGlobal
